// !$*UTF8*$!
{
	archiveVersion = 1;
	classes = {
	};
	objectVersion = 52;
	objects = {

/* Begin PBXBuildFile section */
		644E229124DA1A1400C35892 /* AppDelegate.swift in Sources */ = {isa = PBXBuildFile; fileRef = 644E229024DA1A1400C35892 /* AppDelegate.swift */; };
		644E229324DA1A1400C35892 /* SceneDelegate.swift in Sources */ = {isa = PBXBuildFile; fileRef = 644E229224DA1A1400C35892 /* SceneDelegate.swift */; };
		644E229524DA1A1400C35892 /* ContentView.swift in Sources */ = {isa = PBXBuildFile; fileRef = 644E229424DA1A1400C35892 /* ContentView.swift */; };
		644E229724DA1A1500C35892 /* Assets.xcassets in Resources */ = {isa = PBXBuildFile; fileRef = 644E229624DA1A1500C35892 /* Assets.xcassets */; };
		644E229A24DA1A1500C35892 /* Preview Assets.xcassets in Resources */ = {isa = PBXBuildFile; fileRef = 644E229924DA1A1500C35892 /* Preview Assets.xcassets */; };
		644E229D24DA1A1500C35892 /* LaunchScreen.storyboard in Resources */ = {isa = PBXBuildFile; fileRef = 644E229B24DA1A1500C35892 /* LaunchScreen.storyboard */; };
		644E22A524DA1F3F00C35892 /* LottieView.swift in Sources */ = {isa = PBXBuildFile; fileRef = 644E22A424DA1F3F00C35892 /* LottieView.swift */; };
		644E22A824DA1FB200C35892 /* Lottie in Frameworks */ = {isa = PBXBuildFile; productRef = 644E22A724DA1FB200C35892 /* Lottie */; };
		644E22AD24DA211700C35892 /* teamwork.json in Resources */ = {isa = PBXBuildFile; fileRef = 644E22AC24DA211700C35892 /* teamwork.json */; };
		644E22AF24DA217900C35892 /* README.md in Resources */ = {isa = PBXBuildFile; fileRef = 644E22AE24DA217900C35892 /* README.md */; };
/* End PBXBuildFile section */

/* Begin PBXFileReference section */
		644E228D24DA1A1400C35892 /* Proffy.app */ = {isa = PBXFileReference; explicitFileType = wrapper.application; includeInIndex = 0; path = Proffy.app; sourceTree = BUILT_PRODUCTS_DIR; };
		644E229024DA1A1400C35892 /* AppDelegate.swift */ = {isa = PBXFileReference; lastKnownFileType = sourcecode.swift; path = AppDelegate.swift; sourceTree = "<group>"; };
		644E229224DA1A1400C35892 /* SceneDelegate.swift */ = {isa = PBXFileReference; lastKnownFileType = sourcecode.swift; path = SceneDelegate.swift; sourceTree = "<group>"; };
		644E229424DA1A1400C35892 /* ContentView.swift */ = {isa = PBXFileReference; lastKnownFileType = sourcecode.swift; path = ContentView.swift; sourceTree = "<group>"; };
		644E229624DA1A1500C35892 /* Assets.xcassets */ = {isa = PBXFileReference; lastKnownFileType = folder.assetcatalog; path = Assets.xcassets; sourceTree = "<group>"; };
		644E229924DA1A1500C35892 /* Preview Assets.xcassets */ = {isa = PBXFileReference; lastKnownFileType = folder.assetcatalog; path = "Preview Assets.xcassets"; sourceTree = "<group>"; };
		644E229C24DA1A1500C35892 /* Base */ = {isa = PBXFileReference; lastKnownFileType = file.storyboard; name = Base; path = Base.lproj/LaunchScreen.storyboard; sourceTree = "<group>"; };
		644E229E24DA1A1500C35892 /* Info.plist */ = {isa = PBXFileReference; lastKnownFileType = text.plist.xml; path = Info.plist; sourceTree = "<group>"; };
		644E22A424DA1F3F00C35892 /* LottieView.swift */ = {isa = PBXFileReference; fileEncoding = 4; lastKnownFileType = sourcecode.swift; path = LottieView.swift; sourceTree = "<group>"; };
		644E22AC24DA211700C35892 /* teamwork.json */ = {isa = PBXFileReference; fileEncoding = 4; lastKnownFileType = text.json; path = teamwork.json; sourceTree = "<group>"; };
		644E22AE24DA217900C35892 /* README.md */ = {isa = PBXFileReference; lastKnownFileType = net.daringfireball.markdown; path = README.md; sourceTree = "<group>"; };
/* End PBXFileReference section */

/* Begin PBXFrameworksBuildPhase section */
		644E228A24DA1A1400C35892 /* Frameworks */ = {
			isa = PBXFrameworksBuildPhase;
			buildActionMask = 2147483647;
			files = (
				644E22A824DA1FB200C35892 /* Lottie in Frameworks */,
			);
			runOnlyForDeploymentPostprocessing = 0;
		};
/* End PBXFrameworksBuildPhase section */

/* Begin PBXGroup section */
		644E228424DA1A1400C35892 = {
			isa = PBXGroup;
			children = (
				644E22AE24DA217900C35892 /* README.md */,
				644E228F24DA1A1400C35892 /* Proffy */,
				644E228E24DA1A1400C35892 /* Products */,
			);
			sourceTree = "<group>";
		};
		644E228E24DA1A1400C35892 /* Products */ = {
			isa = PBXGroup;
			children = (
				644E228D24DA1A1400C35892 /* Proffy.app */,
			);
			name = Products;
			sourceTree = "<group>";
		};
		644E228F24DA1A1400C35892 /* Proffy */ = {
			isa = PBXGroup;
			children = (
				644E229024DA1A1400C35892 /* AppDelegate.swift */,
				644E229224DA1A1400C35892 /* SceneDelegate.swift */,
				644E229424DA1A1400C35892 /* ContentView.swift */,
				644E22A424DA1F3F00C35892 /* LottieView.swift */,
				644E229624DA1A1500C35892 /* Assets.xcassets */,
				644E229B24DA1A1500C35892 /* LaunchScreen.storyboard */,
				644E229E24DA1A1500C35892 /* Info.plist */,
				644E22A924DA202000C35892 /* LottieAnimations */,
				644E229824DA1A1500C35892 /* Preview Content */,
			);
			path = Proffy;
			sourceTree = "<group>";
		};
		644E229824DA1A1500C35892 /* Preview Content */ = {
			isa = PBXGroup;
			children = (
				644E229924DA1A1500C35892 /* Preview Assets.xcassets */,
			);
			path = "Preview Content";
			sourceTree = "<group>";
		};
		644E22A924DA202000C35892 /* LottieAnimations */ = {
			isa = PBXGroup;
			children = (
				644E22AC24DA211700C35892 /* teamwork.json */,
			);
			path = LottieAnimations;
			sourceTree = "<group>";
		};
/* End PBXGroup section */

/* Begin PBXNativeTarget section */
		644E228C24DA1A1400C35892 /* Proffy */ = {
			isa = PBXNativeTarget;
			buildConfigurationList = 644E22A124DA1A1500C35892 /* Build configuration list for PBXNativeTarget "Proffy" */;
			buildPhases = (
				644E228924DA1A1400C35892 /* Sources */,
				644E228A24DA1A1400C35892 /* Frameworks */,
				644E228B24DA1A1400C35892 /* Resources */,
			);
			buildRules = (
			);
			dependencies = (
			);
			name = Proffy;
			packageProductDependencies = (
				644E22A724DA1FB200C35892 /* Lottie */,
			);
			productName = Proffy;
			productReference = 644E228D24DA1A1400C35892 /* Proffy.app */;
			productType = "com.apple.product-type.application";
		};
/* End PBXNativeTarget section */

/* Begin PBXProject section */
		644E228524DA1A1400C35892 /* Project object */ = {
			isa = PBXProject;
			attributes = {
				LastSwiftUpdateCheck = 1140;
				LastUpgradeCheck = 1140;
				TargetAttributes = {
					644E228C24DA1A1400C35892 = {
						CreatedOnToolsVersion = 11.4.1;
					};
				};
			};
			buildConfigurationList = 644E228824DA1A1400C35892 /* Build configuration list for PBXProject "Proffy" */;
			compatibilityVersion = "Xcode 9.3";
			developmentRegion = en;
			hasScannedForEncodings = 0;
			knownRegions = (
				en,
				Base,
			);
			mainGroup = 644E228424DA1A1400C35892;
			packageReferences = (
				644E22A624DA1FB200C35892 /* XCRemoteSwiftPackageReference "lottie-ios" */,
			);
			productRefGroup = 644E228E24DA1A1400C35892 /* Products */;
			projectDirPath = "";
			projectRoot = "";
			targets = (
				644E228C24DA1A1400C35892 /* Proffy */,
			);
		};
/* End PBXProject section */

/* Begin PBXResourcesBuildPhase section */
		644E228B24DA1A1400C35892 /* Resources */ = {
			isa = PBXResourcesBuildPhase;
			buildActionMask = 2147483647;
			files = (
				644E229D24DA1A1500C35892 /* LaunchScreen.storyboard in Resources */,
				644E22AD24DA211700C35892 /* teamwork.json in Resources */,
				644E22AF24DA217900C35892 /* README.md in Resources */,
				644E229A24DA1A1500C35892 /* Preview Assets.xcassets in Resources */,
				644E229724DA1A1500C35892 /* Assets.xcassets in Resources */,
			);
			runOnlyForDeploymentPostprocessing = 0;
		};
/* End PBXResourcesBuildPhase section */

/* Begin PBXSourcesBuildPhase section */
		644E228924DA1A1400C35892 /* Sources */ = {
			isa = PBXSourcesBuildPhase;
			buildActionMask = 2147483647;
			files = (
				644E229124DA1A1400C35892 /* AppDelegate.swift in Sources */,
				644E229324DA1A1400C35892 /* SceneDelegate.swift in Sources */,
				644E229524DA1A1400C35892 /* ContentView.swift in Sources */,
				644E22A524DA1F3F00C35892 /* LottieView.swift in Sources */,
			);
			runOnlyForDeploymentPostprocessing = 0;
		};
/* End PBXSourcesBuildPhase section */

/* Begin PBXVariantGroup section */
		644E229B24DA1A1500C35892 /* LaunchScreen.storyboard */ = {
			isa = PBXVariantGroup;
			children = (
				644E229C24DA1A1500C35892 /* Base */,
			);
			name = LaunchScreen.storyboard;
			sourceTree = "<group>";
		};
/* End PBXVariantGroup section */

/* Begin XCBuildConfiguration section */
		644E229F24DA1A1500C35892 /* Debug */ = {
			isa = XCBuildConfiguration;
			buildSettings = {
				ALWAYS_SEARCH_USER_PATHS = NO;
				CLANG_ANALYZER_NONNULL = YES;
				CLANG_ANALYZER_NUMBER_OBJECT_CONVERSION = YES_AGGRESSIVE;
				CLANG_CXX_LANGUAGE_STANDARD = "gnu++14";
				CLANG_CXX_LIBRARY = "libc++";
				CLANG_ENABLE_MODULES = YES;
				CLANG_ENABLE_OBJC_ARC = YES;
				CLANG_ENABLE_OBJC_WEAK = YES;
				CLANG_WARN_BLOCK_CAPTURE_AUTORELEASING = YES;
				CLANG_WARN_BOOL_CONVERSION = YES;
				CLANG_WARN_COMMA = YES;
				CLANG_WARN_CONSTANT_CONVERSION = YES;
				CLANG_WARN_DEPRECATED_OBJC_IMPLEMENTATIONS = YES;
				CLANG_WARN_DIRECT_OBJC_ISA_USAGE = YES_ERROR;
				CLANG_WARN_DOCUMENTATION_COMMENTS = YES;
				CLANG_WARN_EMPTY_BODY = YES;
				CLANG_WARN_ENUM_CONVERSION = YES;
				CLANG_WARN_INFINITE_RECURSION = YES;
				CLANG_WARN_INT_CONVERSION = YES;
				CLANG_WARN_NON_LITERAL_NULL_CONVERSION = YES;
				CLANG_WARN_OBJC_IMPLICIT_RETAIN_SELF = YES;
				CLANG_WARN_OBJC_LITERAL_CONVERSION = YES;
				CLANG_WARN_OBJC_ROOT_CLASS = YES_ERROR;
				CLANG_WARN_RANGE_LOOP_ANALYSIS = YES;
				CLANG_WARN_STRICT_PROTOTYPES = YES;
				CLANG_WARN_SUSPICIOUS_MOVE = YES;
				CLANG_WARN_UNGUARDED_AVAILABILITY = YES_AGGRESSIVE;
				CLANG_WARN_UNREACHABLE_CODE = YES;
				CLANG_WARN__DUPLICATE_METHOD_MATCH = YES;
				COPY_PHASE_STRIP = NO;
				DEBUG_INFORMATION_FORMAT = dwarf;
				ENABLE_STRICT_OBJC_MSGSEND = YES;
				ENABLE_TESTABILITY = YES;
				GCC_C_LANGUAGE_STANDARD = gnu11;
				GCC_DYNAMIC_NO_PIC = NO;
				GCC_NO_COMMON_BLOCKS = YES;
				GCC_OPTIMIZATION_LEVEL = 0;
				GCC_PREPROCESSOR_DEFINITIONS = (
					"DEBUG=1",
					"$(inherited)",
				);
				GCC_WARN_64_TO_32_BIT_CONVERSION = YES;
				GCC_WARN_ABOUT_RETURN_TYPE = YES_ERROR;
				GCC_WARN_UNDECLARED_SELECTOR = YES;
				GCC_WARN_UNINITIALIZED_AUTOS = YES_AGGRESSIVE;
				GCC_WARN_UNUSED_FUNCTION = YES;
				GCC_WARN_UNUSED_VARIABLE = YES;
				IPHONEOS_DEPLOYMENT_TARGET = 13.4;
				MTL_ENABLE_DEBUG_INFO = INCLUDE_SOURCE;
				MTL_FAST_MATH = YES;
				ONLY_ACTIVE_ARCH = YES;
				SDKROOT = iphoneos;
				SWIFT_ACTIVE_COMPILATION_CONDITIONS = DEBUG;
				SWIFT_OPTIMIZATION_LEVEL = "-Onone";
			};
			name = Debug;
		};
		644E22A024DA1A1500C35892 /* Release */ = {
			isa = XCBuildConfiguration;
			buildSettings = {
				ALWAYS_SEARCH_USER_PATHS = NO;
				CLANG_ANALYZER_NONNULL = YES;
				CLANG_ANALYZER_NUMBER_OBJECT_CONVERSION = YES_AGGRESSIVE;
				CLANG_CXX_LANGUAGE_STANDARD = "gnu++14";
				CLANG_CXX_LIBRARY = "libc++";
				CLANG_ENABLE_MODULES = YES;
				CLANG_ENABLE_OBJC_ARC = YES;
				CLANG_ENABLE_OBJC_WEAK = YES;
				CLANG_WARN_BLOCK_CAPTURE_AUTORELEASING = YES;
				CLANG_WARN_BOOL_CONVERSION = YES;
				CLANG_WARN_COMMA = YES;
				CLANG_WARN_CONSTANT_CONVERSION = YES;
				CLANG_WARN_DEPRECATED_OBJC_IMPLEMENTATIONS = YES;
				CLANG_WARN_DIRECT_OBJC_ISA_USAGE = YES_ERROR;
				CLANG_WARN_DOCUMENTATION_COMMENTS = YES;
				CLANG_WARN_EMPTY_BODY = YES;
				CLANG_WARN_ENUM_CONVERSION = YES;
				CLANG_WARN_INFINITE_RECURSION = YES;
				CLANG_WARN_INT_CONVERSION = YES;
				CLANG_WARN_NON_LITERAL_NULL_CONVERSION = YES;
				CLANG_WARN_OBJC_IMPLICIT_RETAIN_SELF = YES;
				CLANG_WARN_OBJC_LITERAL_CONVERSION = YES;
				CLANG_WARN_OBJC_ROOT_CLASS = YES_ERROR;
				CLANG_WARN_RANGE_LOOP_ANALYSIS = YES;
				CLANG_WARN_STRICT_PROTOTYPES = YES;
				CLANG_WARN_SUSPICIOUS_MOVE = YES;
				CLANG_WARN_UNGUARDED_AVAILABILITY = YES_AGGRESSIVE;
				CLANG_WARN_UNREACHABLE_CODE = YES;
				CLANG_WARN__DUPLICATE_METHOD_MATCH = YES;
				COPY_PHASE_STRIP = NO;
				DEBUG_INFORMATION_FORMAT = "dwarf-with-dsym";
				ENABLE_NS_ASSERTIONS = NO;
				ENABLE_STRICT_OBJC_MSGSEND = YES;
				GCC_C_LANGUAGE_STANDARD = gnu11;
				GCC_NO_COMMON_BLOCKS = YES;
				GCC_WARN_64_TO_32_BIT_CONVERSION = YES;
				GCC_WARN_ABOUT_RETURN_TYPE = YES_ERROR;
				GCC_WARN_UNDECLARED_SELECTOR = YES;
				GCC_WARN_UNINITIALIZED_AUTOS = YES_AGGRESSIVE;
				GCC_WARN_UNUSED_FUNCTION = YES;
				GCC_WARN_UNUSED_VARIABLE = YES;
				IPHONEOS_DEPLOYMENT_TARGET = 13.4;
				MTL_ENABLE_DEBUG_INFO = NO;
				MTL_FAST_MATH = YES;
				SDKROOT = iphoneos;
				SWIFT_COMPILATION_MODE = wholemodule;
				SWIFT_OPTIMIZATION_LEVEL = "-O";
				VALIDATE_PRODUCT = YES;
			};
			name = Release;
		};
		644E22A224DA1A1500C35892 /* Debug */ = {
			isa = XCBuildConfiguration;
			buildSettings = {
				ASSETCATALOG_COMPILER_APPICON_NAME = AppIcon;
				CODE_SIGN_STYLE = Automatic;
				DEVELOPMENT_ASSET_PATHS = "\"Proffy/Preview Content\"";
				ENABLE_PREVIEWS = YES;
				INFOPLIST_FILE = Proffy/Info.plist;
				LD_RUNPATH_SEARCH_PATHS = (
					"$(inherited)",
					"@executable_path/Frameworks",
				);
				PRODUCT_BUNDLE_IDENTIFIER = br.com.rphlfc.Proffy;
				PRODUCT_NAME = "$(TARGET_NAME)";
				SWIFT_VERSION = 5.0;
				TARGETED_DEVICE_FAMILY = "1,2";
			};
			name = Debug;
		};
		644E22A324DA1A1500C35892 /* Release */ = {
			isa = XCBuildConfiguration;
			buildSettings = {
				ASSETCATALOG_COMPILER_APPICON_NAME = AppIcon;
				CODE_SIGN_STYLE = Automatic;
				DEVELOPMENT_ASSET_PATHS = "\"Proffy/Preview Content\"";
				ENABLE_PREVIEWS = YES;
				INFOPLIST_FILE = Proffy/Info.plist;
				LD_RUNPATH_SEARCH_PATHS = (
					"$(inherited)",
					"@executable_path/Frameworks",
				);
				PRODUCT_BUNDLE_IDENTIFIER = br.com.rphlfc.Proffy;
				PRODUCT_NAME = "$(TARGET_NAME)";
				SWIFT_VERSION = 5.0;
				TARGETED_DEVICE_FAMILY = "1,2";
			};
			name = Release;
		};
/* End XCBuildConfiguration section */

/* Begin XCConfigurationList section */
		644E228824DA1A1400C35892 /* Build configuration list for PBXProject "Proffy" */ = {
			isa = XCConfigurationList;
			buildConfigurations = (
				644E229F24DA1A1500C35892 /* Debug */,
				644E22A024DA1A1500C35892 /* Release */,
			);
			defaultConfigurationIsVisible = 0;
			defaultConfigurationName = Release;
		};
		644E22A124DA1A1500C35892 /* Build configuration list for PBXNativeTarget "Proffy" */ = {
			isa = XCConfigurationList;
			buildConfigurations = (
				644E22A224DA1A1500C35892 /* Debug */,
				644E22A324DA1A1500C35892 /* Release */,
			);
			defaultConfigurationIsVisible = 0;
			defaultConfigurationName = Release;
		};
/* End XCConfigurationList section */

/* Begin XCRemoteSwiftPackageReference section */
		644E22A624DA1FB200C35892 /* XCRemoteSwiftPackageReference "lottie-ios" */ = {
			isa = XCRemoteSwiftPackageReference;
			repositoryURL = "https://github.com/airbnb/lottie-ios.git";
			requirement = {
				kind = upToNextMajorVersion;
				minimumVersion = 3.1.8;
			};
		};
/* End XCRemoteSwiftPackageReference section */

/* Begin XCSwiftPackageProductDependency section */
		644E22A724DA1FB200C35892 /* Lottie */ = {
			isa = XCSwiftPackageProductDependency;
			package = 644E22A624DA1FB200C35892 /* XCRemoteSwiftPackageReference "lottie-ios" */;
			productName = Lottie;
		};
/* End XCSwiftPackageProductDependency section */
	};
	rootObject = 644E228524DA1A1400C35892 /* Project object */;
}
